
Microsoft Visual Studio Solution File, Format Version 12.00
# Visual Studio 2013
VisualStudioVersion = 12.0.30723.0
MinimumVisualStudioVersion = 10.0.40219.1
Project("{FAE04EC0-301F-11D3-BF4B-00C04F79EFBC}") = "SavannahGame", "SavannahGame\SavannahGame.csproj", "{BCBA6B69-5CB9-4549-AF31-95D8BC1C495B}"
EndProject
Project("{FAE04EC0-301F-11D3-BF4B-00C04F79EFBC}") = "SavannahGame.Console", "SavannahGame.Console\SavannahGame.Console.csproj", "{B337B88D-7B74-4ED0-92FF-6DDEA3E6DDFB}"
EndProject
Project("{FAE04EC0-301F-11D3-BF4B-00C04F79EFBC}") = "SavannahGame.Forms", "SavannahGame.Forms\SavannahGame.Forms.csproj", "{25488CAE-465E-4BF4-B337-DEE1226C168A}"
EndProject
Global
	GlobalSection(SolutionConfigurationPlatforms) = preSolution
		Debug|Any CPU = Debug|Any CPU
		Release|Any CPU = Release|Any CPU
	EndGlobalSection
	GlobalSection(ProjectConfigurationPlatforms) = postSolution
		{BCBA6B69-5CB9-4549-AF31-95D8BC1C495B}.Debug|Any CPU.ActiveCfg = Debug|Any CPU
		{BCBA6B69-5CB9-4549-AF31-95D8BC1C495B}.Debug|Any CPU.Build.0 = Debug|Any CPU
		{BCBA6B69-5CB9-4549-AF31-95D8BC1C495B}.Release|Any CPU.ActiveCfg = Release|Any CPU
		{BCBA6B69-5CB9-4549-AF31-95D8BC1C495B}.Release|Any CPU.Build.0 = Release|Any CPU
		{B337B88D-7B74-4ED0-92FF-6DDEA3E6DDFB}.Debug|Any CPU.ActiveCfg = Debug|Any CPU
		{B337B88D-7B74-4ED0-92FF-6DDEA3E6DDFB}.Debug|Any CPU.Build.0 = Debug|Any CPU
		{B337B88D-7B74-4ED0-92FF-6DDEA3E6DDFB}.Release|Any CPU.ActiveCfg = Release|Any CPU
		{B337B88D-7B74-4ED0-92FF-6DDEA3E6DDFB}.Release|Any CPU.Build.0 = Release|Any CPU
		{25488CAE-465E-4BF4-B337-DEE1226C168A}.Debug|Any CPU.ActiveCfg = Debug|Any CPU
		{25488CAE-465E-4BF4-B337-DEE1226C168A}.Debug|Any CPU.Build.0 = Debug|Any CPU
		{25488CAE-465E-4BF4-B337-DEE1226C168A}.Release|Any CPU.ActiveCfg = Release|Any CPU
		{25488CAE-465E-4BF4-B337-DEE1226C168A}.Release|Any CPU.Build.0 = Release|Any CPU
	EndGlobalSection
	GlobalSection(SolutionProperties) = preSolution
		HideSolutionNode = FALSE
	EndGlobalSection
EndGlobal
